
Microsoft Visual Studio Solution File, Format Version 12.00
# Visual Studio Version 16
VisualStudioVersion = 16.0.31613.86
MinimumVisualStudioVersion = 10.0.40219.1
Project("{2150E333-8FDC-42A3-9474-1A3956D46DE8}") = "Documents", "Documents", "{0B7A55DA-D97B-48B2-BA56-4827551BD200}"
	ProjectSection(SolutionItems) = preProject
		Documents\02_metadata_worksheet.xlsx = Documents\02_metadata_worksheet.xlsx
		Documents\admin_manual.docx = Documents\admin_manual.docx
	EndProjectSection
EndProject
Project("{2150E333-8FDC-42A3-9474-1A3956D46DE8}") = "Scripts", "Scripts", "{B04221D5-0338-425C-849F-B2CB098BC636}"
	ProjectSection(SolutionItems) = preProject
		Scripts\00_pubs.sql = Scripts\00_pubs.sql
		Scripts\01_source_database.sql = Scripts\01_source_database.sql
		Scripts\03_destination_database.sql = Scripts\03_destination_database.sql
		Scripts\04_etl_objects.sql = Scripts\04_etl_objects.sql
		Scripts\05_maintenance_objects.sql = Scripts\05_maintenance_objects.sql
		Scripts\06_etl_reportin_objects.sql = Scripts\06_etl_reportin_objects.sql
		Scripts\07_maintenance_reporting_objects.sql = Scripts\07_maintenance_reporting_objects.sql
		Scripts\etl_sysjob.sql = Scripts\etl_sysjob.sql
		Scripts\maintenance_sysjob.sql = Scripts\maintenance_sysjob.sql
		Scripts\New-SSISProxyUser.ps1 = Scripts\New-SSISProxyUser.ps1
	EndProjectSection
EndProject
Project("{2150E333-8FDC-42A3-9474-1A3956D46DE8}") = "Saved_Reports", "Saved_Reports", "{D3233058-6BCB-43ED-83AF-2588A6DA087F}"
	ProjectSection(SolutionItems) = preProject
		Saved_Reports\DimAuthorsETLReport.pdf = Saved_Reports\DimAuthorsETLReport.pdf
		Saved_Reports\DimStoresETLReport.pdf = Saved_Reports\DimStoresETLReport.pdf
		Saved_Reports\DimTitlesETLReport.pdf = Saved_Reports\DimTitlesETLReport.pdf
		Saved_Reports\DWIndependentBookSellersETLReport.pdf = Saved_Reports\DWIndependentBookSellersETLReport.pdf
		Saved_Reports\DWIndependentBookSellersMaintReport.pdf = Saved_Reports\DWIndependentBookSellersMaintReport.pdf
		Saved_Reports\FactSalesETLReport.pdf = Saved_Reports\FactSalesETLReport.pdf
		Saved_Reports\FactTitleAuthorsETLReport.pdf = Saved_Reports\FactTitleAuthorsETLReport.pdf
	EndProjectSection
EndProject
Project("{159641D6-6404-4A2A-AE62-294DE0FE8301}") = "SSIS", "SSIS\SSIS.dtproj", "{96BDCD35-28EE-46D2-98B6-4F1ABBEC21C0}"
EndProject
Project("{F14B399A-7131-4C87-9E4B-1186C45EF12D}") = "SSRS", "SSRS\SSRS.rptproj", "{A9643CB9-8AD5-43B9-9603-00054E38C332}"
EndProject
Global
	GlobalSection(SolutionConfigurationPlatforms) = preSolution
		Debug|Default = Debug|Default
		DebugLocal|Default = DebugLocal|Default
		Development|Default = Development|Default
		Release|Default = Release|Default
	EndGlobalSection
	GlobalSection(ProjectConfigurationPlatforms) = postSolution
		{96BDCD35-28EE-46D2-98B6-4F1ABBEC21C0}.Debug|Default.ActiveCfg = Development
		{96BDCD35-28EE-46D2-98B6-4F1ABBEC21C0}.Debug|Default.Build.0 = Development
		{96BDCD35-28EE-46D2-98B6-4F1ABBEC21C0}.DebugLocal|Default.ActiveCfg = Development
		{96BDCD35-28EE-46D2-98B6-4F1ABBEC21C0}.DebugLocal|Default.Build.0 = Development
		{96BDCD35-28EE-46D2-98B6-4F1ABBEC21C0}.Development|Default.ActiveCfg = Development
		{96BDCD35-28EE-46D2-98B6-4F1ABBEC21C0}.Development|Default.Build.0 = Development
		{96BDCD35-28EE-46D2-98B6-4F1ABBEC21C0}.Release|Default.ActiveCfg = Development
		{96BDCD35-28EE-46D2-98B6-4F1ABBEC21C0}.Release|Default.Build.0 = Development
		{A9643CB9-8AD5-43B9-9603-00054E38C332}.Debug|Default.ActiveCfg = Debug
		{A9643CB9-8AD5-43B9-9603-00054E38C332}.Debug|Default.Build.0 = Debug
		{A9643CB9-8AD5-43B9-9603-00054E38C332}.Debug|Default.Deploy.0 = Debug
		{A9643CB9-8AD5-43B9-9603-00054E38C332}.DebugLocal|Default.ActiveCfg = DebugLocal
		{A9643CB9-8AD5-43B9-9603-00054E38C332}.DebugLocal|Default.Build.0 = DebugLocal
		{A9643CB9-8AD5-43B9-9603-00054E38C332}.DebugLocal|Default.Deploy.0 = DebugLocal
		{A9643CB9-8AD5-43B9-9603-00054E38C332}.Development|Default.ActiveCfg = 
		{A9643CB9-8AD5-43B9-9603-00054E38C332}.Development|Default.Build.0 = 
		{A9643CB9-8AD5-43B9-9603-00054E38C332}.Development|Default.Deploy.0 = 
		{A9643CB9-8AD5-43B9-9603-00054E38C332}.Release|Default.ActiveCfg = Release
		{A9643CB9-8AD5-43B9-9603-00054E38C332}.Release|Default.Build.0 = Release
		{A9643CB9-8AD5-43B9-9603-00054E38C332}.Release|Default.Deploy.0 = Release
	EndGlobalSection
	GlobalSection(SolutionProperties) = preSolution
		HideSolutionNode = FALSE
	EndGlobalSection
	GlobalSection(ExtensibilityGlobals) = postSolution
		SolutionGuid = {4744A59B-0EAE-4295-9348-F5D73A3F0554}
	EndGlobalSection
EndGlobal
